github.com/xzf/runtimeX v0.0.0-20230628035600-2b261a42bcd2 h1:vY0Ou1MMPMH353pRF2pWWRLoav8QqwJ/lkehz0Jt5CY=
github.com/xzf/runtimeX v0.0.0-20230628035600-2b261a42bcd2/go.mod h1:qIYGBu6SeiZ8YIml2kh+UaeXuzvbrsf9LPMN+SVFTL8=
github.com/xzf/strX v0.0.0-20230508083524-548535ef222e h1:cBi/DdSlNEZs62u+2pBYl7LCUq5ouwIAuaCjBAqgFXI=
github.com/xzf/strX v0.0.0-20230508083524-548535ef222e/go.mod h1:3XVkZ9O+XacL4eJmX+AZ4sKPoFjM6AEwnQOMiIvY/DM=
github.com/xzf/testX v0.0.0-20230507155240-0a306540362f h1:jXwGA6rvXenOSCcFvsriWqnKm/2nXkIbWnXPTvD+mrE=
github.com/xzf/testX v0.0.0-20230507155240-0a306540362f/go.mod h1:b3tdML5UzCf6agY8DV/XwwX63VQla/L3mVsCz0ahCrU=
